{
  "name": "badgeware-ide",
  "lockfileVersion": 3,
  "requires": true,
  "packages": {
    "": {
      "name": "badgeware-ide",
      "devDependencies": {
        "usb": "^3.2.1"
      }
    },
    "node_modules/@node-usb/usb-darwin-arm64": {
      "version": "3.2.1",
      "resolved": "https://registry.npmjs.org/@node-usb/usb-darwin-arm64/-/usb-darwin-arm64-3.2.1.tgz",
      "integrity": "sha512-t4IzR3en2dRLaY7aFrzmTBywtsQkVOEiLvNAoqMVag7JrsRu9iYPKYwBnudQ7vDvuPnhMxv6r4PqJD6EBC4sEA==",
      "cpu": [
        "arm64"
      ],
      "dev": true,
      "license": "MIT",
      "optional": true,
      "os": [
        "darwin"
      ],
      "engines": {
        "node": ">= 12.22.0 < 13 || >= 14.17.0 < 15 || >= 15.12.0 < 16 || >= 16.0.0"
      }
    },
    "node_modules/@node-usb/usb-darwin-x64": {
      "version": "3.2.1",
      "resolved": "https://registry.npmjs.org/@node-usb/usb-darwin-x64/-/usb-darwin-x64-3.2.1.tgz",
      "integrity": "sha512-rgDmI5d7BeEs3tAv5XppJ8wi7Ft4afqVL06MIPKOsZHtR38NQhwWIzr3rXkkh2I6e05wuuPRQ3ApeGcbQQxSHA==",
      "cpu": [
        "x64"
      ],
      "dev": true,
      "license": "MIT",
      "optional": true,
      "os": [
        "darwin"
      ],
      "engines": {
        "node": ">= 12.22.0 < 13 || >= 14.17.0 < 15 || >= 15.12.0 < 16 || >= 16.0.0"
      }
    },
    "node_modules/@node-usb/usb-linux-arm-gnueabihf": {
      "version": "3.2.1",
      "resolved": "https://registry.npmjs.org/@node-usb/usb-linux-arm-gnueabihf/-/usb-linux-arm-gnueabihf-3.2.1.tgz",
      "integrity": "sha512-EMp0j3089f0TPV5pRCE7fNey9678fJ7ep7SsRBq6JQ8dU+Ow2x1cH2H3GMiXf9ibbyygCtxDy10PbllizJGZEw==",
      "cpu": [
        "arm"
      ],
      "dev": true,
      "license": "MIT",
      "optional": true,
      "os": [
        "linux"
      ],
      "engines": {
        "node": ">= 12.22.0 < 13 || >= 14.17.0 < 15 || >= 15.12.0 < 16 || >= 16.0.0"
      }
    },
    "node_modules/@node-usb/usb-linux-arm64-gnu": {
      "version": "3.2.1",
      "resolved": "https://registry.npmjs.org/@node-usb/usb-linux-arm64-gnu/-/usb-linux-arm64-gnu-3.2.1.tgz",
      "integrity": "sha512-Va2Pu+CAfnLFI1RzfABPZHKAAkOnvrZ2jjWSabG3RgIAONOAWA7m/t0xBHnGsb+6l8UD7IcGAHt6UNN9WPNz+g==",
      "cpu": [
        "arm64"
      ],
      "dev": true,
      "libc": [
        "glibc"
      ],
      "license": "MIT",
      "optional": true,
      "os": [
        "linux"
      ],
      "engines": {
        "node": ">= 12.22.0 < 13 || >= 14.17.0 < 15 || >= 15.12.0 < 16 || >= 16.0.0"
      }
    },
    "node_modules/@node-usb/usb-linux-arm64-musl": {
      "version": "3.2.1",
      "resolved": "https://registry.npmjs.org/@node-usb/usb-linux-arm64-musl/-/usb-linux-arm64-musl-3.2.1.tgz",
      "integrity": "sha512-UrjSpuWSWUL3Bsew/PC9JmyNkNzdW+odMhPLHcGsxRaZ2HiXEK5o3Xax+5X9Tz/V58MqaB3uIJ3/hUr0PkH8WQ==",
      "cpu": [
        "arm64"
      ],
      "dev": true,
      "libc": [
        "musl"
      ],
      "license": "MIT",
      "optional": true,
      "os": [
        "linux"
      ],
      "engines": {
        "node": ">= 12.22.0 < 13 || >= 14.17.0 < 15 || >= 15.12.0 < 16 || >= 16.0.0"
      }
    },
    "node_modules/@node-usb/usb-linux-x64-gnu": {
      "version": "3.2.1",
      "resolved": "https://registry.npmjs.org/@node-usb/usb-linux-x64-gnu/-/usb-linux-x64-gnu-3.2.1.tgz",
      "integrity": "sha512-9q4UxzAIwSXCVr/r8Uy6YEMeHh0HymNBs8OEYz/e21bVSYJO01Q79ItZPbXIc3tOApEJ0sUutnZmGgfO03lpyA==",
      "cpu": [
        "x64"
      ],
      "dev": true,
      "libc": [
        "glibc"
      ],
      "license": "MIT",
      "optional": true,
      "os": [
        "linux"
      ],
      "engines": {
        "node": ">= 12.22.0 < 13 || >= 14.17.0 < 15 || >= 15.12.0 < 16 || >= 16.0.0"
      }
    },
    "node_modules/@node-usb/usb-linux-x64-musl": {
      "version": "3.2.1",
      "resolved": "https://registry.npmjs.org/@node-usb/usb-linux-x64-musl/-/usb-linux-x64-musl-3.2.1.tgz",
      "integrity": "sha512-mMKMRV3+eIBku+JzcWR+LSSWnB3rCvE3ZJQ03K+1ClKL4RlseFy645g6EsubN/5Dfs6pEBT/b7vt+2XODnsuEw==",
      "cpu": [
        "x64"
      ],
      "dev": true,
      "libc": [
        "musl"
      ],
      "license": "MIT",
      "optional": true,
      "os": [
        "linux"
      ],
      "engines": {
        "node": ">= 12.22.0 < 13 || >= 14.17.0 < 15 || >= 15.12.0 < 16 || >= 16.0.0"
      }
    },
    "node_modules/@node-usb/usb-win32-arm64-msvc": {
      "version": "3.2.1",
      "resolved": "https://registry.npmjs.org/@node-usb/usb-win32-arm64-msvc/-/usb-win32-arm64-msvc-3.2.1.tgz",
      "integrity": "sha512-SBUxcBglxL6sMFc+5UnWaBx8YMdQ1/Tg/PCePwT4c+NSiP+Ee1Ze8cvCPkW5tR5tjLdHc46Si6suweFi5AX+yA==",
      "cpu": [
        "arm64"
      ],
      "dev": true,
      "license": "MIT",
      "optional": true,
      "os": [
        "win32"
      ],
      "engines": {
        "node": ">= 12.22.0 < 13 || >= 14.17.0 < 15 || >= 15.12.0 < 16 || >= 16.0.0"
      }
    },
    "node_modules/@node-usb/usb-win32-ia32-msvc": {
      "version": "3.2.1",
      "resolved": "https://registry.npmjs.org/@node-usb/usb-win32-ia32-msvc/-/usb-win32-ia32-msvc-3.2.1.tgz",
      "integrity": "sha512-9yjDIzw0fVTA2MNtd8O8wkBB6aS7ePLRH/kRSCbht+uxGrTnD+X/ZyfjpCibTn6BqK/NSdo6SGqRlYEu5PF6rA==",
      "cpu": [
        "ia32"
      ],
      "dev": true,
      "license": "MIT",
      "optional": true,
      "os": [
        "win32"
      ],
      "engines": {
        "node": ">= 12.22.0 < 13 || >= 14.17.0 < 15 || >= 15.12.0 < 16 || >= 16.0.0"
      }
    },
    "node_modules/@node-usb/usb-win32-x64-msvc": {
      "version": "3.2.1",
      "resolved": "https://registry.npmjs.org/@node-usb/usb-win32-x64-msvc/-/usb-win32-x64-msvc-3.2.1.tgz",
      "integrity": "sha512-yOh9d9ystwKqnkX1feOa+jPu4OxmGLKHoSLoU5iD/ifNLXsQemKiWPchhBguTloXLKHZ6HiGRhgAoR6FGTc7OQ==",
      "cpu": [
        "x64"
      ],
      "dev": true,
      "license": "MIT",
      "optional": true,
      "os": [
        "win32"
      ],
      "engines": {
        "node": ">= 12.22.0 < 13 || >= 14.17.0 < 15 || >= 15.12.0 < 16 || >= 16.0.0"
      }
    },
    "node_modules/@types/w3c-web-usb": {
      "version": "1.0.14",
      "resolved": "https://registry.npmjs.org/@types/w3c-web-usb/-/w3c-web-usb-1.0.14.tgz",
      "integrity": "sha512-Qu3Nn6JFuF4+sHKYl+IcX9vYiI40ogleXzFFSxoE1W94rG98o/kXs8uJ0QSfFzuwBCZWlGfUGpPkgwuuX4PchA==",
      "dev": true,
      "license": "MIT"
    },
    "node_modules/usb": {
      "version": "3.2.1",
      "resolved": "https://registry.npmjs.org/usb/-/usb-3.2.1.tgz",
      "integrity": "sha512-A/H2ImRjhEYz3V3EpidTkpdQnVW2iBH1GNaAZjF01O2Upz3aGbI+1cV0el49sF7931xOU4hB6fcNO6/YN+/POg==",
      "dev": true,
      "license": "MIT",
      "dependencies": {
        "@types/w3c-web-usb": "^1.0.14"
      },
      "engines": {
        "node": ">= 12.22.0 < 13 || >= 14.17.0 < 15 || >= 15.12.0 < 16 || >= 16.0.0"
      },
      "optionalDependencies": {
        "@node-usb/usb-darwin-arm64": "3.2.1",
        "@node-usb/usb-darwin-x64": "3.2.1",
        "@node-usb/usb-linux-arm-gnueabihf": "3.2.1",
        "@node-usb/usb-linux-arm64-gnu": "3.2.1",
        "@node-usb/usb-linux-arm64-musl": "3.2.1",
        "@node-usb/usb-linux-x64-gnu": "3.2.1",
        "@node-usb/usb-linux-x64-musl": "3.2.1",
        "@node-usb/usb-win32-arm64-msvc": "3.2.1",
        "@node-usb/usb-win32-ia32-msvc": "3.2.1",
        "@node-usb/usb-win32-x64-msvc": "3.2.1"
      }
    }
  }
}
